{
  "name": "daslog",
  "version": "0.2.1",
  "lockfileVersion": 1,
  "requires": true,
  "dependencies": {
    "@paarth/variant": {
      "version": "0.2.0",
      "resolved": "https://registry.npmjs.org/@paarth/variant/-/variant-0.2.0.tgz",
      "integrity": "sha512-Qcl2OkVuIZSAzM5lDwdU7DTziRwYmRbvZNBgSUcpG6//xsMZF+UtuB8MreKW9U4MU4Cj0zMM/J8JKNuVc8uMwA=="
    },
    "@types/dateformat": {
      "version": "3.0.1",
      "resolved": "https://registry.npmjs.org/@types/dateformat/-/dateformat-3.0.1.tgz",
      "integrity": "sha512-KlPPdikagvL6ELjWsljbyDIPzNCeliYkqRpI+zea99vBBbCIA5JNshZAwQKTON139c87y9qvTFVgkFd14rtS4g==",
      "dev": true
    },
    "dateformat": {
      "version": "3.0.3",
      "resolved": "https://registry.npmjs.org/dateformat/-/dateformat-3.0.3.tgz",
      "integrity": "sha512-jyCETtSl3VMZMWeRo7iY1FL19ges1t55hMo5yaam4Jrsm5EPL89UQkoQRyiI+Yf4k8r2ZpdngkV8hr1lIdjb3Q=="
    },
    "ts-toolbelt": {
      "version": "4.7.16",
      "resolved": "https://registry.npmjs.org/ts-toolbelt/-/ts-toolbelt-4.7.16.tgz",
      "integrity": "sha512-+y89LsksfdOjhZsyzUDr0tIn9B8iOJELiA9E30R/wVgn1p/+zGgeX7cbZYdq/2Cf6Ut6rcZVJW42AIi2vOR+jw=="
    },
    "typescript": {
      "version": "3.6.3",
      "resolved": "https://registry.npmjs.org/typescript/-/typescript-3.6.3.tgz",
      "integrity": "sha512-N7bceJL1CtRQ2RiG0AQME13ksR7DiuQh/QehubYcghzv20tnh+MQnQIuJddTmsbqYj+dztchykemz0zFzlvdQw==",
      "dev": true
    }
  }
}
