{
  "name": "daslog",
  "version": "0.0.5",
  "lockfileVersion": 1,
  "requires": true,
  "dependencies": {
    "@paarth/variant": {
      "version": "0.0.1",
      "resolved": "https://registry.npmjs.org/@paarth/variant/-/variant-0.0.1.tgz",
      "integrity": "sha512-8/wfURuj3XuqjCyjhAI5NGUJIsRk14s2BmLUx+0pnSKNKEcw/PzREAt4N7s5b74slPW5aEbcHtbtOUGBYMgTXg=="
    },
    "ts-toolbelt": {
      "version": "4.7.16",
      "resolved": "https://registry.npmjs.org/ts-toolbelt/-/ts-toolbelt-4.7.16.tgz",
      "integrity": "sha512-+y89LsksfdOjhZsyzUDr0tIn9B8iOJELiA9E30R/wVgn1p/+zGgeX7cbZYdq/2Cf6Ut6rcZVJW42AIi2vOR+jw=="
    },
    "typescript": {
      "version": "3.7.0-dev.20191001",
      "resolved": "https://registry.npmjs.org/typescript/-/typescript-3.7.0-dev.20191001.tgz",
      "integrity": "sha512-YdOWvt8quwpjVgVCNUr90E+5eu5u0FlFMHG3CFqhfwGTcSjPbyZYrLIsZoirZfsJOo+IhKe4xfGtxazepAy/pw==",
      "dev": true
    }
  }
}
