{
  "name": "daslog",
  "version": "0.0.4",
  "lockfileVersion": 1,
  "requires": true,
  "dependencies": {
    "@paarth/variant": {
      "version": "0.0.1",
      "resolved": "https://registry.npmjs.org/@paarth/variant/-/variant-0.0.1.tgz",
      "integrity": "sha512-8/wfURuj3XuqjCyjhAI5NGUJIsRk14s2BmLUx+0pnSKNKEcw/PzREAt4N7s5b74slPW5aEbcHtbtOUGBYMgTXg=="
    },
    "typescript": {
      "version": "3.6.3",
      "resolved": "https://registry.npmjs.org/typescript/-/typescript-3.6.3.tgz",
      "integrity": "sha512-N7bceJL1CtRQ2RiG0AQME13ksR7DiuQh/QehubYcghzv20tnh+MQnQIuJddTmsbqYj+dztchykemz0zFzlvdQw==",
      "dev": true
    }
  }
}
